<?xml version="1.0" encoding="utf-8"?>
<Project ToolsVersion="4.0" xmlns="http://schemas.microsoft.com/developer/msbuild/2003">
  <ItemGroup>
    <Filter Include="Source Files">
      <UniqueIdentifier>{652a3687-ccf2-407d-a2c7-9cc723a295d0}</UniqueIdentifier>
      <Extensions>.c</Extensions>
    </Filter>
    <Filter Include="Source Files\atomic">
      <UniqueIdentifier>{f9886331-b927-467b-9085-eae1d48a7ba7}</UniqueIdentifier>
    </Filter>
    <Filter Include="Source Files\dso">
      <UniqueIdentifier>{bbe31e64-a98a-4d8b-a2ff-4bc7c112d1d6}</UniqueIdentifier>
    </Filter>
    <Filter Include="Source Files\file_io">
      <UniqueIdentifier>{3be53706-b703-4345-ad27-5ff0d7d43fb4}</UniqueIdentifier>
    </Filter>
    <Filter Include="Source Files\locks">
      <UniqueIdentifier>{2de64e77-808e-4b2a-83ed-0b433f519705}</UniqueIdentifier>
    </Filter>
    <Filter Include="Source Files\memory">
      <UniqueIdentifier>{6128e8fb-a161-4693-9c7f-f50523435a9a}</UniqueIdentifier>
    </Filter>
    <Filter Include="Source Files\misc">
      <UniqueIdentifier>{5ba9ae94-065c-4f5b-a7d4-11d4dc00ce08}</UniqueIdentifier>
    </Filter>
    <Filter Include="Source Files\mmap">
      <UniqueIdentifier>{8efea0cd-7a6e-44c3-95d4-ad3bf0da0938}</UniqueIdentifier>
    </Filter>
    <Filter Include="Source Files\network_io">
      <UniqueIdentifier>{910e78a9-d51a-4fae-be3e-a403dfc7c176}</UniqueIdentifier>
    </Filter>
    <Filter Include="Source Files\passwd">
      <UniqueIdentifier>{d79cfc41-d44e-4f8a-8998-b3b1e894afa6}</UniqueIdentifier>
    </Filter>
    <Filter Include="Source Files\random">
      <UniqueIdentifier>{bd55702a-3f01-40e7-aea3-f46430eeda24}</UniqueIdentifier>
    </Filter>
    <Filter Include="Source Files\shmem">
      <UniqueIdentifier>{bdac2a76-0f75-41f5-b39e-3a61399c93ab}</UniqueIdentifier>
    </Filter>
    <Filter Include="Source Files\strings">
      <UniqueIdentifier>{05c814bc-d50c-4b25-b9f2-36b55cc43be7}</UniqueIdentifier>
    </Filter>
    <Filter Include="Source Files\tables">
      <UniqueIdentifier>{11171ee2-c3ae-4324-8a2d-48dbc4d785a5}</UniqueIdentifier>
    </Filter>
    <Filter Include="Source Files\threadproc">
      <UniqueIdentifier>{c9f8d49f-fe1f-4d27-b3d3-b66868245d00}</UniqueIdentifier>
    </Filter>
    <Filter Include="Source Files\time">
      <UniqueIdentifier>{f1fe7424-5283-437f-8f93-391dd703290a}</UniqueIdentifier>
    </Filter>
    <Filter Include="Source Files\user">
      <UniqueIdentifier>{8db631c7-8ab6-4ca4-b146-5faaa5cd9a64}</UniqueIdentifier>
    </Filter>
    <Filter Include="Private Header Files">
      <UniqueIdentifier>{02d6ea82-9710-47ab-baf1-edb9f897b544}</UniqueIdentifier>
    </Filter>
    <Filter Include="Public Header Files">
      <UniqueIdentifier>{86294220-1dac-4107-af34-258ccccab615}</UniqueIdentifier>
    </Filter>
  </ItemGroup>
  <ItemGroup>
    <ClCompile Include="atomic\win32\apr_atomic.c">
      <Filter>Source Files\atomic</Filter>
    </ClCompile>
    <ClCompile Include="dso\win32\dso.c">
      <Filter>Source Files\dso</Filter>
    </ClCompile>
    <ClCompile Include="file_io\unix\copy.c">
      <Filter>Source Files\file_io</Filter>
    </ClCompile>
    <ClCompile Include="file_io\win32\dir.c">
      <Filter>Source Files\file_io</Filter>
    </ClCompile>
    <ClCompile Include="file_io\unix\fileacc.c">
      <Filter>Source Files\file_io</Filter>
    </ClCompile>
    <ClCompile Include="file_io\win32\filedup.c">
      <Filter>Source Files\file_io</Filter>
    </ClCompile>
    <ClCompile Include="file_io\win32\filepath.c">
      <Filter>Source Files\file_io</Filter>
    </ClCompile>
    <ClCompile Include="file_io\unix\filepath_util.c">
      <Filter>Source Files\file_io</Filter>
    </ClCompile>
    <ClCompile Include="file_io\win32\filestat.c">
      <Filter>Source Files\file_io</Filter>
    </ClCompile>
    <ClCompile Include="file_io\win32\filesys.c">
      <Filter>Source Files\file_io</Filter>
    </ClCompile>
    <ClCompile Include="file_io\win32\flock.c">
      <Filter>Source Files\file_io</Filter>
    </ClCompile>
    <ClCompile Include="file_io\unix\fullrw.c">
      <Filter>Source Files\file_io</Filter>
    </ClCompile>
    <ClCompile Include="file_io\unix\mktemp.c">
      <Filter>Source Files\file_io</Filter>
    </ClCompile>
    <ClCompile Include="file_io\win32\open.c">
      <Filter>Source Files\file_io</Filter>
    </ClCompile>
    <ClCompile Include="file_io\win32\pipe.c">
      <Filter>Source Files\file_io</Filter>
    </ClCompile>
    <ClCompile Include="file_io\win32\readwrite.c">
      <Filter>Source Files\file_io</Filter>
    </ClCompile>
    <ClCompile Include="file_io\win32\seek.c">
      <Filter>Source Files\file_io</Filter>
    </ClCompile>
    <ClCompile Include="file_io\unix\tempdir.c">
      <Filter>Source Files\file_io</Filter>
    </ClCompile>
    <ClCompile Include="locks\win32\proc_mutex.c">
      <Filter>Source Files\locks</Filter>
    </ClCompile>
    <ClCompile Include="locks\win32\thread_cond.c">
      <Filter>Source Files\locks</Filter>
    </ClCompile>
    <ClCompile Include="locks\win32\thread_mutex.c">
      <Filter>Source Files\locks</Filter>
    </ClCompile>
    <ClCompile Include="locks\win32\thread_rwlock.c">
      <Filter>Source Files\locks</Filter>
    </ClCompile>
    <ClCompile Include="memory\unix\apr_pools.c">
      <Filter>Source Files\memory</Filter>
    </ClCompile>
    <ClCompile Include="misc\win32\apr_app.c">
      <Filter>Source Files\misc</Filter>
    </ClCompile>
    <ClCompile Include="misc\win32\charset.c">
      <Filter>Source Files\misc</Filter>
    </ClCompile>
    <ClCompile Include="misc\win32\env.c">
      <Filter>Source Files\misc</Filter>
    </ClCompile>
    <ClCompile Include="misc\unix\errorcodes.c">
      <Filter>Source Files\misc</Filter>
    </ClCompile>
    <ClCompile Include="misc\unix\getopt.c">
      <Filter>Source Files\misc</Filter>
    </ClCompile>
    <ClCompile Include="misc\win32\internal.c">
      <Filter>Source Files\misc</Filter>
    </ClCompile>
    <ClCompile Include="misc\win32\misc.c">
      <Filter>Source Files\misc</Filter>
    </ClCompile>
    <ClCompile Include="misc\unix\otherchild.c">
      <Filter>Source Files\misc</Filter>
    </ClCompile>
    <ClCompile Include="misc\win32\rand.c">
      <Filter>Source Files\misc</Filter>
    </ClCompile>
    <ClCompile Include="misc\win32\start.c">
      <Filter>Source Files\misc</Filter>
    </ClCompile>
    <ClCompile Include="misc\win32\utf8.c">
      <Filter>Source Files\misc</Filter>
    </ClCompile>
    <ClCompile Include="misc\unix\version.c">
      <Filter>Source Files\misc</Filter>
    </ClCompile>
    <ClCompile Include="mmap\unix\common.c">
      <Filter>Source Files\mmap</Filter>
    </ClCompile>
    <ClCompile Include="mmap\win32\mmap.c">
      <Filter>Source Files\mmap</Filter>
    </ClCompile>
    <ClCompile Include="network_io\unix\inet_ntop.c">
      <Filter>Source Files\network_io</Filter>
    </ClCompile>
    <ClCompile Include="network_io\unix\inet_pton.c">
      <Filter>Source Files\network_io</Filter>
    </ClCompile>
    <ClCompile Include="poll\unix\select.c">
      <Filter>Source Files\network_io</Filter>
    </ClCompile>
    <ClCompile Include="network_io\unix\multicast.c">
      <Filter>Source Files\network_io</Filter>
    </ClCompile>
    <ClCompile Include="network_io\win32\sendrecv.c">
      <Filter>Source Files\network_io</Filter>
    </ClCompile>
    <ClCompile Include="network_io\unix\sockaddr.c">
      <Filter>Source Files\network_io</Filter>
    </ClCompile>
    <ClCompile Include="network_io\win32\sockets.c">
      <Filter>Source Files\network_io</Filter>
    </ClCompile>
    <ClCompile Include="network_io\win32\sockopt.c">
      <Filter>Source Files\network_io</Filter>
    </ClCompile>
    <ClCompile Include="passwd\apr_getpass.c">
      <Filter>Source Files\passwd</Filter>
    </ClCompile>
    <ClCompile Include="random\unix\apr_random.c">
      <Filter>Source Files\random</Filter>
    </ClCompile>
    <ClCompile Include="random\unix\sha2.c">
      <Filter>Source Files\random</Filter>
    </ClCompile>
    <ClCompile Include="random\unix\sha2_glue.c">
      <Filter>Source Files\random</Filter>
    </ClCompile>
    <ClCompile Include="shmem\win32\shm.c">
      <Filter>Source Files\shmem</Filter>
    </ClCompile>
    <ClCompile Include="strings\apr_cpystrn.c">
      <Filter>Source Files\strings</Filter>
    </ClCompile>
    <ClCompile Include="strings\apr_fnmatch.c">
      <Filter>Source Files\strings</Filter>
    </ClCompile>
    <ClCompile Include="strings\apr_snprintf.c">
      <Filter>Source Files\strings</Filter>
    </ClCompile>
    <ClCompile Include="strings\apr_strings.c">
      <Filter>Source Files\strings</Filter>
    </ClCompile>
    <ClCompile Include="strings\apr_strnatcmp.c">
      <Filter>Source Files\strings</Filter>
    </ClCompile>
    <ClCompile Include="strings\apr_strtok.c">
      <Filter>Source Files\strings</Filter>
    </ClCompile>
    <ClCompile Include="tables\apr_hash.c">
      <Filter>Source Files\tables</Filter>
    </ClCompile>
    <ClCompile Include="tables\apr_tables.c">
      <Filter>Source Files\tables</Filter>
    </ClCompile>
    <ClCompile Include="threadproc\win32\proc.c">
      <Filter>Source Files\threadproc</Filter>
    </ClCompile>
    <ClCompile Include="threadproc\win32\signals.c">
      <Filter>Source Files\threadproc</Filter>
    </ClCompile>
    <ClCompile Include="threadproc\win32\thread.c">
      <Filter>Source Files\threadproc</Filter>
    </ClCompile>
    <ClCompile Include="threadproc\win32\threadpriv.c">
      <Filter>Source Files\threadproc</Filter>
    </ClCompile>
    <ClCompile Include="time\win32\access.c">
      <Filter>Source Files\time</Filter>
    </ClCompile>
    <ClCompile Include="time\win32\time.c">
      <Filter>Source Files\time</Filter>
    </ClCompile>
    <ClCompile Include="time\win32\timestr.c">
      <Filter>Source Files\time</Filter>
    </ClCompile>
    <ClCompile Include="user\win32\groupinfo.c">
      <Filter>Source Files\user</Filter>
    </ClCompile>
    <ClCompile Include="user\win32\userinfo.c">
      <Filter>Source Files\user</Filter>
    </ClCompile>
  </ItemGroup>
  <ItemGroup>
    <ClInclude Include="include\arch\win32\apr_arch_atime.h">
      <Filter>Private Header Files</Filter>
    </ClInclude>
    <ClInclude Include="include\arch\win32\apr_arch_dso.h">
      <Filter>Private Header Files</Filter>
    </ClInclude>
    <ClInclude Include="include\arch\win32\apr_arch_file_io.h">
      <Filter>Private Header Files</Filter>
    </ClInclude>
    <ClInclude Include="include\arch\win32\apr_arch_inherit.h">
      <Filter>Private Header Files</Filter>
    </ClInclude>
    <ClInclude Include="include\arch\win32\apr_arch_misc.h">
      <Filter>Private Header Files</Filter>
    </ClInclude>
    <ClInclude Include="include\arch\win32\apr_arch_networkio.h">
      <Filter>Private Header Files</Filter>
    </ClInclude>
    <ClInclude Include="include\arch\win32\apr_arch_thread_mutex.h">
      <Filter>Private Header Files</Filter>
    </ClInclude>
    <ClInclude Include="include\arch\win32\apr_arch_thread_rwlock.h">
      <Filter>Private Header Files</Filter>
    </ClInclude>
    <ClInclude Include="include\arch\win32\apr_arch_threadproc.h">
      <Filter>Private Header Files</Filter>
    </ClInclude>
    <ClInclude Include="include\arch\win32\apr_arch_utf8.h">
      <Filter>Private Header Files</Filter>
    </ClInclude>
    <ClInclude Include="include\arch\win32\apr_private.h">
      <Filter>Private Header Files</Filter>
    </ClInclude>
    <ClInclude Include="include\arch\apr_private_common.h">
      <Filter>Private Header Files</Filter>
    </ClInclude>
    <ClInclude Include="include\apr_allocator.h">
      <Filter>Public Header Files</Filter>
    </ClInclude>
    <ClInclude Include="include\apr_atomic.h">
      <Filter>Public Header Files</Filter>
    </ClInclude>
    <ClInclude Include="include\apr_dso.h">
      <Filter>Public Header Files</Filter>
    </ClInclude>
    <ClInclude Include="include\apr_env.h">
      <Filter>Public Header Files</Filter>
    </ClInclude>
    <ClInclude Include="include\apr_errno.h">
      <Filter>Public Header Files</Filter>
    </ClInclude>
    <ClInclude Include="include\apr_file_info.h">
      <Filter>Public Header Files</Filter>
    </ClInclude>
    <ClInclude Include="include\apr_file_io.h">
      <Filter>Public Header Files</Filter>
    </ClInclude>
    <ClInclude Include="include\apr_fnmatch.h">
      <Filter>Public Header Files</Filter>
    </ClInclude>
    <ClInclude Include="include\apr_general.h">
      <Filter>Public Header Files</Filter>
    </ClInclude>
    <ClInclude Include="include\apr_getopt.h">
      <Filter>Public Header Files</Filter>
    </ClInclude>
    <ClInclude Include="include\apr_global_mutex.h">
      <Filter>Public Header Files</Filter>
    </ClInclude>
    <ClInclude Include="include\apr_hash.h">
      <Filter>Public Header Files</Filter>
    </ClInclude>
    <ClInclude Include="include\apr_inherit.h">
      <Filter>Public Header Files</Filter>
    </ClInclude>
    <ClInclude Include="include\apr_lib.h">
      <Filter>Public Header Files</Filter>
    </ClInclude>
    <ClInclude Include="include\apr_mmap.h">
      <Filter>Public Header Files</Filter>
    </ClInclude>
    <ClInclude Include="include\apr_network_io.h">
      <Filter>Public Header Files</Filter>
    </ClInclude>
    <ClInclude Include="include\apr_poll.h">
      <Filter>Public Header Files</Filter>
    </ClInclude>
    <ClInclude Include="include\apr_pools.h">
      <Filter>Public Header Files</Filter>
    </ClInclude>
    <ClInclude Include="include\apr_portable.h">
      <Filter>Public Header Files</Filter>
    </ClInclude>
    <ClInclude Include="include\apr_proc_mutex.h">
      <Filter>Public Header Files</Filter>
    </ClInclude>
    <ClInclude Include="include\apr_ring.h">
      <Filter>Public Header Files</Filter>
    </ClInclude>
    <ClInclude Include="include\apr_shm.h">
      <Filter>Public Header Files</Filter>
    </ClInclude>
    <ClInclude Include="include\apr_signal.h">
      <Filter>Public Header Files</Filter>
    </ClInclude>
    <ClInclude Include="include\apr_strings.h">
      <Filter>Public Header Files</Filter>
    </ClInclude>
    <ClInclude Include="include\apr_support.h">
      <Filter>Public Header Files</Filter>
    </ClInclude>
    <ClInclude Include="include\apr_tables.h">
      <Filter>Public Header Files</Filter>
    </ClInclude>
    <ClInclude Include="include\apr_thread_cond.h">
      <Filter>Public Header Files</Filter>
    </ClInclude>
    <ClInclude Include="include\apr_thread_mutex.h">
      <Filter>Public Header Files</Filter>
    </ClInclude>
    <ClInclude Include="include\apr_thread_proc.h">
      <Filter>Public Header Files</Filter>
    </ClInclude>
    <ClInclude Include="include\apr_thread_rwlock.h">
      <Filter>Public Header Files</Filter>
    </ClInclude>
    <ClInclude Include="include\apr_time.h">
      <Filter>Public Header Files</Filter>
    </ClInclude>
    <ClInclude Include="include\apr_user.h">
      <Filter>Public Header Files</Filter>
    </ClInclude>
    <ClInclude Include="include\apr_version.h">
      <Filter>Public Header Files</Filter>
    </ClInclude>
    <ClInclude Include="include\apr_want.h">
      <Filter>Public Header Files</Filter>
    </ClInclude>
  </ItemGroup>
  <ItemGroup>
    <ResourceCompile Include="libapr.rc" />
  </ItemGroup>
  <ItemGroup>
    <CustomBuild Include="include\apr.h.in">
      <Filter>Public Header Files</Filter>
    </CustomBuild>
    <CustomBuild Include="include\apr.hnw">
      <Filter>Public Header Files</Filter>
    </CustomBuild>
    <CustomBuild Include="include\apr.hw">
      <Filter>Public Header Files</Filter>
    </CustomBuild>
  </ItemGroup>
</Project>